
Microsoft Visual Studio Solution File, Format Version 12.00
# Visual Studio Version 17
VisualStudioVersion = 17.4.33122.133
MinimumVisualStudioVersion = 10.0.40219.1
Project("{FAE04EC0-301F-11D3-BF4B-00C04F79EFBC}") = "ShoppingApp", "ShoppingApp\ShoppingApp.csproj", "{886356ED-E4F6-432D-8758-A258CBCFC2B2}"
EndProject
Project("{FAE04EC0-301F-11D3-BF4B-00C04F79EFBC}") = "Domain", "Domain\Domain.csproj", "{570AE274-CE7A-4F80-94A0-A0AF339ABCFB}"
EndProject
Project("{FAE04EC0-301F-11D3-BF4B-00C04F79EFBC}") = "Infrastructure", "Infrastructure\Infrastructure.csproj", "{31EF216F-6ECA-426F-A178-F897E4642DFC}"
EndProject
Project("{FAE04EC0-301F-11D3-BF4B-00C04F79EFBC}") = "Services", "Services\Services.csproj", "{9FEE720E-8CDA-423B-98B1-D561513CF1F1}"
EndProject
Global
	GlobalSection(SolutionConfigurationPlatforms) = preSolution
		Debug|Any CPU = Debug|Any CPU
		Release|Any CPU = Release|Any CPU
	EndGlobalSection
	GlobalSection(ProjectConfigurationPlatforms) = postSolution
		{886356ED-E4F6-432D-8758-A258CBCFC2B2}.Debug|Any CPU.ActiveCfg = Debug|Any CPU
		{886356ED-E4F6-432D-8758-A258CBCFC2B2}.Debug|Any CPU.Build.0 = Debug|Any CPU
		{886356ED-E4F6-432D-8758-A258CBCFC2B2}.Release|Any CPU.ActiveCfg = Release|Any CPU
		{886356ED-E4F6-432D-8758-A258CBCFC2B2}.Release|Any CPU.Build.0 = Release|Any CPU
		{570AE274-CE7A-4F80-94A0-A0AF339ABCFB}.Debug|Any CPU.ActiveCfg = Debug|Any CPU
		{570AE274-CE7A-4F80-94A0-A0AF339ABCFB}.Debug|Any CPU.Build.0 = Debug|Any CPU
		{570AE274-CE7A-4F80-94A0-A0AF339ABCFB}.Release|Any CPU.ActiveCfg = Release|Any CPU
		{570AE274-CE7A-4F80-94A0-A0AF339ABCFB}.Release|Any CPU.Build.0 = Release|Any CPU
		{31EF216F-6ECA-426F-A178-F897E4642DFC}.Debug|Any CPU.ActiveCfg = Debug|Any CPU
		{31EF216F-6ECA-426F-A178-F897E4642DFC}.Debug|Any CPU.Build.0 = Debug|Any CPU
		{31EF216F-6ECA-426F-A178-F897E4642DFC}.Release|Any CPU.ActiveCfg = Release|Any CPU
		{31EF216F-6ECA-426F-A178-F897E4642DFC}.Release|Any CPU.Build.0 = Release|Any CPU
		{9FEE720E-8CDA-423B-98B1-D561513CF1F1}.Debug|Any CPU.ActiveCfg = Debug|Any CPU
		{9FEE720E-8CDA-423B-98B1-D561513CF1F1}.Debug|Any CPU.Build.0 = Debug|Any CPU
		{9FEE720E-8CDA-423B-98B1-D561513CF1F1}.Release|Any CPU.ActiveCfg = Release|Any CPU
		{9FEE720E-8CDA-423B-98B1-D561513CF1F1}.Release|Any CPU.Build.0 = Release|Any CPU
	EndGlobalSection
	GlobalSection(SolutionProperties) = preSolution
		HideSolutionNode = FALSE
	EndGlobalSection
	GlobalSection(ExtensibilityGlobals) = postSolution
		SolutionGuid = {F06FACE4-ACE0-454A-B8C7-53E5071A1255}
	EndGlobalSection
EndGlobal
